
Microsoft Visual Studio Solution File, Format Version 12.00
# Visual Studio Version 17
VisualStudioVersion = 17.4.33122.133
MinimumVisualStudioVersion = 10.0.40219.1
Project("{8BC9CEB8-8B4A-11D0-8D11-00A0C91BC942}") = "itamiproxy", "itamiproxy.vcxproj", "{D7CC8117-DCFB-4AC8-A942-88B6D07DED00}"
EndProject
Global
	GlobalSection(SolutionConfigurationPlatforms) = preSolution
		Debug|x64 = Debug|x64
		Debug|x86 = Debug|x86
		Release|x64 = Release|x64
		Release|x86 = Release|x86
	EndGlobalSection
	GlobalSection(ProjectConfigurationPlatforms) = postSolution
		{D7CC8117-DCFB-4AC8-A942-88B6D07DED00}.Debug|x64.ActiveCfg = Debug|x64
		{D7CC8117-DCFB-4AC8-A942-88B6D07DED00}.Debug|x64.Build.0 = Debug|x64
		{D7CC8117-DCFB-4AC8-A942-88B6D07DED00}.Debug|x86.ActiveCfg = Debug|Win32
		{D7CC8117-DCFB-4AC8-A942-88B6D07DED00}.Debug|x86.Build.0 = Debug|Win32
		{D7CC8117-DCFB-4AC8-A942-88B6D07DED00}.Release|x64.ActiveCfg = Release|x64
		{D7CC8117-DCFB-4AC8-A942-88B6D07DED00}.Release|x64.Build.0 = Release|x64
		{D7CC8117-DCFB-4AC8-A942-88B6D07DED00}.Release|x86.ActiveCfg = Release|Win32
		{D7CC8117-DCFB-4AC8-A942-88B6D07DED00}.Release|x86.Build.0 = Release|Win32
	EndGlobalSection
	GlobalSection(SolutionProperties) = preSolution
		HideSolutionNode = FALSE
	EndGlobalSection
	GlobalSection(ExtensibilityGlobals) = postSolution
		SolutionGuid = {365EA876-A3B5-4438-9E07-CD5FF9455674}
	EndGlobalSection
EndGlobal
